
Microsoft Visual Studio Solution File, Format Version 10.00
# Visual Studio 2008
Project("{FAE04EC0-301F-11D3-BF4B-00C04F79EFBC}") = "VolumenSerial", "VolumenSerial.csproj", "{5F87893B-4691-418E-82DD-79869A192023}"
EndProject
Global
	GlobalSection(SolutionConfigurationPlatforms) = preSolution
		Debug|Any CPU = Debug|Any CPU
		Release|Any CPU = Release|Any CPU
	EndGlobalSection
	GlobalSection(ProjectConfigurationPlatforms) = postSolution
		{5F87893B-4691-418E-82DD-79869A192023}.Debug|Any CPU.ActiveCfg = Debug|Any CPU
		{5F87893B-4691-418E-82DD-79869A192023}.Debug|Any CPU.Build.0 = Debug|Any CPU
		{5F87893B-4691-418E-82DD-79869A192023}.Release|Any CPU.ActiveCfg = Release|Any CPU
		{5F87893B-4691-418E-82DD-79869A192023}.Release|Any CPU.Build.0 = Release|Any CPU
	EndGlobalSection
	GlobalSection(SolutionProperties) = preSolution
		HideSolutionNode = FALSE
	EndGlobalSection
EndGlobal
